// !$*UTF8*$!
{
	archiveVersion = 1;
	classes = {
	};
	objectVersion = 50;
	objects = {

/* Begin PBXBuildFile section */
		84CE62AC2510A09800A36915 /* AppDelegate.swift in Sources */ = {isa = PBXBuildFile; fileRef = 84CE62AB2510A09800A36915 /* AppDelegate.swift */; };
		84CE62AE2510A09800A36915 /* SceneDelegate.swift in Sources */ = {isa = PBXBuildFile; fileRef = 84CE62AD2510A09800A36915 /* SceneDelegate.swift */; };
		84CE62B02510A09800A36915 /* ViewController.swift in Sources */ = {isa = PBXBuildFile; fileRef = 84CE62AF2510A09800A36915 /* ViewController.swift */; };
		84CE62B32510A09800A36915 /* Main.storyboard in Resources */ = {isa = PBXBuildFile; fileRef = 84CE62B12510A09800A36915 /* Main.storyboard */; };
		84CE62B52510A09900A36915 /* Assets.xcassets in Resources */ = {isa = PBXBuildFile; fileRef = 84CE62B42510A09900A36915 /* Assets.xcassets */; };
		84CE62B82510A09900A36915 /* LaunchScreen.storyboard in Resources */ = {isa = PBXBuildFile; fileRef = 84CE62B62510A09900A36915 /* LaunchScreen.storyboard */; };
		9BD5984A77C08E7D1B169437 /* libPods-TreeFoot.a in Frameworks */ = {isa = PBXBuildFile; fileRef = 1FE7E4D71700C5947ECDD2D8 /* libPods-TreeFoot.a */; };
/* End PBXBuildFile section */

/* Begin PBXFileReference section */
		1FE7E4D71700C5947ECDD2D8 /* libPods-TreeFoot.a */ = {isa = PBXFileReference; explicitFileType = archive.ar; includeInIndex = 0; path = "libPods-TreeFoot.a"; sourceTree = BUILT_PRODUCTS_DIR; };
		6692F2FFD35437399100B3E6 /* Pods-TreeFoot.debug.xcconfig */ = {isa = PBXFileReference; includeInIndex = 1; lastKnownFileType = text.xcconfig; name = "Pods-TreeFoot.debug.xcconfig"; path = "Target Support Files/Pods-TreeFoot/Pods-TreeFoot.debug.xcconfig"; sourceTree = "<group>"; };
		66E6E2150EE562DB41DA2669 /* Pods-TreeFoot.release.xcconfig */ = {isa = PBXFileReference; includeInIndex = 1; lastKnownFileType = text.xcconfig; name = "Pods-TreeFoot.release.xcconfig"; path = "Target Support Files/Pods-TreeFoot/Pods-TreeFoot.release.xcconfig"; sourceTree = "<group>"; };
		84CE62A82510A09800A36915 /* TreeFoot.app */ = {isa = PBXFileReference; explicitFileType = wrapper.application; includeInIndex = 0; path = TreeFoot.app; sourceTree = BUILT_PRODUCTS_DIR; };
		84CE62AB2510A09800A36915 /* AppDelegate.swift */ = {isa = PBXFileReference; lastKnownFileType = sourcecode.swift; path = AppDelegate.swift; sourceTree = "<group>"; };
		84CE62AD2510A09800A36915 /* SceneDelegate.swift */ = {isa = PBXFileReference; lastKnownFileType = sourcecode.swift; path = SceneDelegate.swift; sourceTree = "<group>"; };
		84CE62AF2510A09800A36915 /* ViewController.swift */ = {isa = PBXFileReference; lastKnownFileType = sourcecode.swift; path = ViewController.swift; sourceTree = "<group>"; };
		84CE62B22510A09800A36915 /* Base */ = {isa = PBXFileReference; lastKnownFileType = file.storyboard; name = Base; path = Base.lproj/Main.storyboard; sourceTree = "<group>"; };
		84CE62B42510A09900A36915 /* Assets.xcassets */ = {isa = PBXFileReference; lastKnownFileType = folder.assetcatalog; path = Assets.xcassets; sourceTree = "<group>"; };
		84CE62B72510A09900A36915 /* Base */ = {isa = PBXFileReference; lastKnownFileType = file.storyboard; name = Base; path = Base.lproj/LaunchScreen.storyboard; sourceTree = "<group>"; };
		84CE62B92510A09900A36915 /* Info.plist */ = {isa = PBXFileReference; lastKnownFileType = text.plist.xml; path = Info.plist; sourceTree = "<group>"; };
/* End PBXFileReference section */

/* Begin PBXFrameworksBuildPhase section */
		84CE62A52510A09800A36915 /* Frameworks */ = {
			isa = PBXFrameworksBuildPhase;
			buildActionMask = 2147483647;
			files = (
				9BD5984A77C08E7D1B169437 /* libPods-TreeFoot.a in Frameworks */,
			);
			runOnlyForDeploymentPostprocessing = 0;
		};
/* End PBXFrameworksBuildPhase section */

/* Begin PBXGroup section */
		541AAFCF6A374E5F62A41EAC /* Frameworks */ = {
			isa = PBXGroup;
			children = (
				1FE7E4D71700C5947ECDD2D8 /* libPods-TreeFoot.a */,
			);
			name = Frameworks;
			sourceTree = "<group>";
		};
		84CE629F2510A09800A36915 = {
			isa = PBXGroup;
			children = (
				84CE62AA2510A09800A36915 /* TreeFoot */,
				84CE62A92510A09800A36915 /* Products */,
				BB8240F2FA4FB71AEDD8A5ED /* Pods */,
				541AAFCF6A374E5F62A41EAC /* Frameworks */,
			);
			sourceTree = "<group>";
		};
		84CE62A92510A09800A36915 /* Products */ = {
			isa = PBXGroup;
			children = (
				84CE62A82510A09800A36915 /* TreeFoot.app */,
			);
			name = Products;
			sourceTree = "<group>";
		};
		84CE62AA2510A09800A36915 /* TreeFoot */ = {
			isa = PBXGroup;
			children = (
				84CE62AB2510A09800A36915 /* AppDelegate.swift */,
				84CE62AD2510A09800A36915 /* SceneDelegate.swift */,
				84CE62AF2510A09800A36915 /* ViewController.swift */,
				84CE62B12510A09800A36915 /* Main.storyboard */,
				84CE62B42510A09900A36915 /* Assets.xcassets */,
				84CE62B62510A09900A36915 /* LaunchScreen.storyboard */,
				84CE62B92510A09900A36915 /* Info.plist */,
			);
			path = TreeFoot;
			sourceTree = "<group>";
		};
		BB8240F2FA4FB71AEDD8A5ED /* Pods */ = {
			isa = PBXGroup;
			children = (
				6692F2FFD35437399100B3E6 /* Pods-TreeFoot.debug.xcconfig */,
				66E6E2150EE562DB41DA2669 /* Pods-TreeFoot.release.xcconfig */,
			);
			name = Pods;
			path = Pods;
			sourceTree = "<group>";
		};
/* End PBXGroup section */

/* Begin PBXNativeTarget section */
		84CE62A72510A09800A36915 /* TreeFoot */ = {
			isa = PBXNativeTarget;
			buildConfigurationList = 84CE62BC2510A09900A36915 /* Build configuration list for PBXNativeTarget "TreeFoot" */;
			buildPhases = (
				C9AC7142CEB26D7F724AF1F2 /* [CP] Check Pods Manifest.lock */,
				84CE62A42510A09800A36915 /* Sources */,
				84CE62A52510A09800A36915 /* Frameworks */,
				84CE62A62510A09800A36915 /* Resources */,
			);
			buildRules = (
			);
			dependencies = (
			);
			name = TreeFoot;
			productName = TreeFoot;
			productReference = 84CE62A82510A09800A36915 /* TreeFoot.app */;
			productType = "com.apple.product-type.application";
		};
/* End PBXNativeTarget section */

/* Begin PBXProject section */
		84CE62A02510A09800A36915 /* Project object */ = {
			isa = PBXProject;
			attributes = {
				LastSwiftUpdateCheck = 1170;
				LastUpgradeCheck = 1170;
				ORGANIZATIONNAME = Hut;
				TargetAttributes = {
					84CE62A72510A09800A36915 = {
						CreatedOnToolsVersion = 11.7;
					};
				};
			};
			buildConfigurationList = 84CE62A32510A09800A36915 /* Build configuration list for PBXProject "TreeFoot" */;
			compatibilityVersion = "Xcode 9.3";
			developmentRegion = en;
			hasScannedForEncodings = 0;
			knownRegions = (
				en,
				Base,
			);
			mainGroup = 84CE629F2510A09800A36915;
			productRefGroup = 84CE62A92510A09800A36915 /* Products */;
			projectDirPath = "";
			projectRoot = "";
			targets = (
				84CE62A72510A09800A36915 /* TreeFoot */,
			);
		};
/* End PBXProject section */

/* Begin PBXResourcesBuildPhase section */
		84CE62A62510A09800A36915 /* Resources */ = {
			isa = PBXResourcesBuildPhase;
			buildActionMask = 2147483647;
			files = (
				84CE62B82510A09900A36915 /* LaunchScreen.storyboard in Resources */,
				84CE62B52510A09900A36915 /* Assets.xcassets in Resources */,
				84CE62B32510A09800A36915 /* Main.storyboard in Resources */,
			);
			runOnlyForDeploymentPostprocessing = 0;
		};
/* End PBXResourcesBuildPhase section */

/* Begin PBXShellScriptBuildPhase section */
		C9AC7142CEB26D7F724AF1F2 /* [CP] Check Pods Manifest.lock */ = {
			isa = PBXShellScriptBuildPhase;
			buildActionMask = 2147483647;
			files = (
			);
			inputFileListPaths = (
			);
			inputPaths = (
				"${PODS_PODFILE_DIR_PATH}/Podfile.lock",
				"${PODS_ROOT}/Manifest.lock",
			);
			name = "[CP] Check Pods Manifest.lock";
			outputFileListPaths = (
			);
			outputPaths = (
				"$(DERIVED_FILE_DIR)/Pods-TreeFoot-checkManifestLockResult.txt",
			);
			runOnlyForDeploymentPostprocessing = 0;
			shellPath = /bin/sh;
			shellScript = "diff \"${PODS_PODFILE_DIR_PATH}/Podfile.lock\" \"${PODS_ROOT}/Manifest.lock\" > /dev/null\nif [ $? != 0 ] ; then\n    # print error to STDERR\n    echo \"error: The sandbox is not in sync with the Podfile.lock. Run 'pod install' or update your CocoaPods installation.\" >&2\n    exit 1\nfi\n# This output is used by Xcode 'outputs' to avoid re-running this script phase.\necho \"SUCCESS\" > \"${SCRIPT_OUTPUT_FILE_0}\"\n";
			showEnvVarsInLog = 0;
		};
/* End PBXShellScriptBuildPhase section */

/* Begin PBXSourcesBuildPhase section */
		84CE62A42510A09800A36915 /* Sources */ = {
			isa = PBXSourcesBuildPhase;
			buildActionMask = 2147483647;
			files = (
				84CE62B02510A09800A36915 /* ViewController.swift in Sources */,
				84CE62AC2510A09800A36915 /* AppDelegate.swift in Sources */,
				84CE62AE2510A09800A36915 /* SceneDelegate.swift in Sources */,
			);
			runOnlyForDeploymentPostprocessing = 0;
		};
/* End PBXSourcesBuildPhase section */

/* Begin PBXVariantGroup section */
		84CE62B12510A09800A36915 /* Main.storyboard */ = {
			isa = PBXVariantGroup;
			children = (
				84CE62B22510A09800A36915 /* Base */,
			);
			name = Main.storyboard;
			sourceTree = "<group>";
		};
		84CE62B62510A09900A36915 /* LaunchScreen.storyboard */ = {
			isa = PBXVariantGroup;
			children = (
				84CE62B72510A09900A36915 /* Base */,
			);
			name = LaunchScreen.storyboard;
			sourceTree = "<group>";
		};
/* End PBXVariantGroup section */

/* Begin XCBuildConfiguration section */
		84CE62BA2510A09900A36915 /* Debug */ = {
			isa = XCBuildConfiguration;
			buildSettings = {
				ALWAYS_SEARCH_USER_PATHS = NO;
				CLANG_ANALYZER_NONNULL = YES;
				CLANG_ANALYZER_NUMBER_OBJECT_CONVERSION = YES_AGGRESSIVE;
				CLANG_CXX_LANGUAGE_STANDARD = "gnu++14";
				CLANG_CXX_LIBRARY = "libc++";
				CLANG_ENABLE_MODULES = YES;
				CLANG_ENABLE_OBJC_ARC = YES;
				CLANG_ENABLE_OBJC_WEAK = YES;
				CLANG_WARN_BLOCK_CAPTURE_AUTORELEASING = YES;
				CLANG_WARN_BOOL_CONVERSION = YES;
				CLANG_WARN_COMMA = YES;
				CLANG_WARN_CONSTANT_CONVERSION = YES;
				CLANG_WARN_DEPRECATED_OBJC_IMPLEMENTATIONS = YES;
				CLANG_WARN_DIRECT_OBJC_ISA_USAGE = YES_ERROR;
				CLANG_WARN_DOCUMENTATION_COMMENTS = YES;
				CLANG_WARN_EMPTY_BODY = YES;
				CLANG_WARN_ENUM_CONVERSION = YES;
				CLANG_WARN_INFINITE_RECURSION = YES;
				CLANG_WARN_INT_CONVERSION = YES;
				CLANG_WARN_NON_LITERAL_NULL_CONVERSION = YES;
				CLANG_WARN_OBJC_IMPLICIT_RETAIN_SELF = YES;
				CLANG_WARN_OBJC_LITERAL_CONVERSION = YES;
				CLANG_WARN_OBJC_ROOT_CLASS = YES_ERROR;
				CLANG_WARN_RANGE_LOOP_ANALYSIS = YES;
				CLANG_WARN_STRICT_PROTOTYPES = YES;
				CLANG_WARN_SUSPICIOUS_MOVE = YES;
				CLANG_WARN_UNGUARDED_AVAILABILITY = YES_AGGRESSIVE;
				CLANG_WARN_UNREACHABLE_CODE = YES;
				CLANG_WARN__DUPLICATE_METHOD_MATCH = YES;
				COPY_PHASE_STRIP = NO;
				DEBUG_INFORMATION_FORMAT = dwarf;
				ENABLE_STRICT_OBJC_MSGSEND = YES;
				ENABLE_TESTABILITY = YES;
				GCC_C_LANGUAGE_STANDARD = gnu11;
				GCC_DYNAMIC_NO_PIC = NO;
				GCC_NO_COMMON_BLOCKS = YES;
				GCC_OPTIMIZATION_LEVEL = 0;
				GCC_PREPROCESSOR_DEFINITIONS = (
					"DEBUG=1",
					"$(inherited)",
				);
				GCC_WARN_64_TO_32_BIT_CONVERSION = YES;
				GCC_WARN_ABOUT_RETURN_TYPE = YES_ERROR;
				GCC_WARN_UNDECLARED_SELECTOR = YES;
				GCC_WARN_UNINITIALIZED_AUTOS = YES_AGGRESSIVE;
				GCC_WARN_UNUSED_FUNCTION = YES;
				GCC_WARN_UNUSED_VARIABLE = YES;
				IPHONEOS_DEPLOYMENT_TARGET = 13.7;
				MTL_ENABLE_DEBUG_INFO = INCLUDE_SOURCE;
				MTL_FAST_MATH = YES;
				ONLY_ACTIVE_ARCH = YES;
				SDKROOT = iphoneos;
				SWIFT_ACTIVE_COMPILATION_CONDITIONS = DEBUG;
				SWIFT_OPTIMIZATION_LEVEL = "-Onone";
			};
			name = Debug;
		};
		84CE62BB2510A09900A36915 /* Release */ = {
			isa = XCBuildConfiguration;
			buildSettings = {
				ALWAYS_SEARCH_USER_PATHS = NO;
				CLANG_ANALYZER_NONNULL = YES;
				CLANG_ANALYZER_NUMBER_OBJECT_CONVERSION = YES_AGGRESSIVE;
				CLANG_CXX_LANGUAGE_STANDARD = "gnu++14";
				CLANG_CXX_LIBRARY = "libc++";
				CLANG_ENABLE_MODULES = YES;
				CLANG_ENABLE_OBJC_ARC = YES;
				CLANG_ENABLE_OBJC_WEAK = YES;
				CLANG_WARN_BLOCK_CAPTURE_AUTORELEASING = YES;
				CLANG_WARN_BOOL_CONVERSION = YES;
				CLANG_WARN_COMMA = YES;
				CLANG_WARN_CONSTANT_CONVERSION = YES;
				CLANG_WARN_DEPRECATED_OBJC_IMPLEMENTATIONS = YES;
				CLANG_WARN_DIRECT_OBJC_ISA_USAGE = YES_ERROR;
				CLANG_WARN_DOCUMENTATION_COMMENTS = YES;
				CLANG_WARN_EMPTY_BODY = YES;
				CLANG_WARN_ENUM_CONVERSION = YES;
				CLANG_WARN_INFINITE_RECURSION = YES;
				CLANG_WARN_INT_CONVERSION = YES;
				CLANG_WARN_NON_LITERAL_NULL_CONVERSION = YES;
				CLANG_WARN_OBJC_IMPLICIT_RETAIN_SELF = YES;
				CLANG_WARN_OBJC_LITERAL_CONVERSION = YES;
				CLANG_WARN_OBJC_ROOT_CLASS = YES_ERROR;
				CLANG_WARN_RANGE_LOOP_ANALYSIS = YES;
				CLANG_WARN_STRICT_PROTOTYPES = YES;
				CLANG_WARN_SUSPICIOUS_MOVE = YES;
				CLANG_WARN_UNGUARDED_AVAILABILITY = YES_AGGRESSIVE;
				CLANG_WARN_UNREACHABLE_CODE = YES;
				CLANG_WARN__DUPLICATE_METHOD_MATCH = YES;
				COPY_PHASE_STRIP = NO;
				DEBUG_INFORMATION_FORMAT = "dwarf-with-dsym";
				ENABLE_NS_ASSERTIONS = NO;
				ENABLE_STRICT_OBJC_MSGSEND = YES;
				GCC_C_LANGUAGE_STANDARD = gnu11;
				GCC_NO_COMMON_BLOCKS = YES;
				GCC_WARN_64_TO_32_BIT_CONVERSION = YES;
				GCC_WARN_ABOUT_RETURN_TYPE = YES_ERROR;
				GCC_WARN_UNDECLARED_SELECTOR = YES;
				GCC_WARN_UNINITIALIZED_AUTOS = YES_AGGRESSIVE;
				GCC_WARN_UNUSED_FUNCTION = YES;
				GCC_WARN_UNUSED_VARIABLE = YES;
				IPHONEOS_DEPLOYMENT_TARGET = 13.7;
				MTL_ENABLE_DEBUG_INFO = NO;
				MTL_FAST_MATH = YES;
				SDKROOT = iphoneos;
				SWIFT_COMPILATION_MODE = wholemodule;
				SWIFT_OPTIMIZATION_LEVEL = "-O";
				VALIDATE_PRODUCT = YES;
			};
			name = Release;
		};
		84CE62BD2510A09900A36915 /* Debug */ = {
			isa = XCBuildConfiguration;
			baseConfigurationReference = 6692F2FFD35437399100B3E6 /* Pods-TreeFoot.debug.xcconfig */;
			buildSettings = {
				ASSETCATALOG_COMPILER_APPICON_NAME = AppIcon;
				CODE_SIGN_STYLE = Automatic;
				DEVELOPMENT_TEAM = 9Z3S272VTB;
				INFOPLIST_FILE = TreeFoot/Info.plist;
				LD_RUNPATH_SEARCH_PATHS = (
					"$(inherited)",
					"@executable_path/Frameworks",
				);
				PRODUCT_BUNDLE_IDENTIFIER = cc.cone.TreeFoot;
				PRODUCT_NAME = "$(TARGET_NAME)";
				SWIFT_VERSION = 5.0;
				TARGETED_DEVICE_FAMILY = "1,2";
			};
			name = Debug;
		};
		84CE62BE2510A09900A36915 /* Release */ = {
			isa = XCBuildConfiguration;
			baseConfigurationReference = 66E6E2150EE562DB41DA2669 /* Pods-TreeFoot.release.xcconfig */;
			buildSettings = {
				ASSETCATALOG_COMPILER_APPICON_NAME = AppIcon;
				CODE_SIGN_STYLE = Automatic;
				DEVELOPMENT_TEAM = 9Z3S272VTB;
				INFOPLIST_FILE = TreeFoot/Info.plist;
				LD_RUNPATH_SEARCH_PATHS = (
					"$(inherited)",
					"@executable_path/Frameworks",
				);
				PRODUCT_BUNDLE_IDENTIFIER = cc.cone.TreeFoot;
				PRODUCT_NAME = "$(TARGET_NAME)";
				SWIFT_VERSION = 5.0;
				TARGETED_DEVICE_FAMILY = "1,2";
			};
			name = Release;
		};
/* End XCBuildConfiguration section */

/* Begin XCConfigurationList section */
		84CE62A32510A09800A36915 /* Build configuration list for PBXProject "TreeFoot" */ = {
			isa = XCConfigurationList;
			buildConfigurations = (
				84CE62BA2510A09900A36915 /* Debug */,
				84CE62BB2510A09900A36915 /* Release */,
			);
			defaultConfigurationIsVisible = 0;
			defaultConfigurationName = Release;
		};
		84CE62BC2510A09900A36915 /* Build configuration list for PBXNativeTarget "TreeFoot" */ = {
			isa = XCConfigurationList;
			buildConfigurations = (
				84CE62BD2510A09900A36915 /* Debug */,
				84CE62BE2510A09900A36915 /* Release */,
			);
			defaultConfigurationIsVisible = 0;
			defaultConfigurationName = Release;
		};
/* End XCConfigurationList section */
	};
	rootObject = 84CE62A02510A09800A36915 /* Project object */;
}
